
Microsoft Visual Studio Solution File, Format Version 12.00
# Visual Studio Version 16
VisualStudioVersion = 16.0.30907.101
MinimumVisualStudioVersion = 10.0.40219.1
Project("{2150E333-8FDC-42A3-9474-1A3956D46DE8}") = "src", "src", "{8D7061E4-DBA2-4838-B3EF-2D53BDA43C6E}"
EndProject
Project("{2150E333-8FDC-42A3-9474-1A3956D46DE8}") = "tests", "tests", "{ACE03877-2062-480D-9F8F-45CF261CD540}"
EndProject
Project("{9A19103F-16F7-4668-BE54-9A1E7A4F7556}") = "Api", "src\Api\Api.csproj", "{4576A7E4-4C14-44E4-A1EB-655EB1AA072A}"
EndProject
Project("{FAE04EC0-301F-11D3-BF4B-00C04F79EFBC}") = "Core", "src\Core\Core.csproj", "{68E9A095-7A66-40AA-898F-3A3FE0593B3E}"
EndProject
Project("{FAE04EC0-301F-11D3-BF4B-00C04F79EFBC}") = "Domain", "src\Domain\Domain.csproj", "{DEFE9339-4B47-4548-9F6D-B537352D8E75}"
EndProject
Project("{FAE04EC0-301F-11D3-BF4B-00C04F79EFBC}") = "Infrastructure", "src\Infrastructure\Infrastructure.csproj", "{B1A70275-EC91-4891-95FA-ACD0AB18D3BF}"
EndProject
Global
	GlobalSection(SolutionConfigurationPlatforms) = preSolution
		Debug|Any CPU = Debug|Any CPU
		Release|Any CPU = Release|Any CPU
	EndGlobalSection
	GlobalSection(ProjectConfigurationPlatforms) = postSolution
		{4576A7E4-4C14-44E4-A1EB-655EB1AA072A}.Debug|Any CPU.ActiveCfg = Debug|Any CPU
		{4576A7E4-4C14-44E4-A1EB-655EB1AA072A}.Debug|Any CPU.Build.0 = Debug|Any CPU
		{4576A7E4-4C14-44E4-A1EB-655EB1AA072A}.Release|Any CPU.ActiveCfg = Release|Any CPU
		{4576A7E4-4C14-44E4-A1EB-655EB1AA072A}.Release|Any CPU.Build.0 = Release|Any CPU
		{68E9A095-7A66-40AA-898F-3A3FE0593B3E}.Debug|Any CPU.ActiveCfg = Debug|Any CPU
		{68E9A095-7A66-40AA-898F-3A3FE0593B3E}.Debug|Any CPU.Build.0 = Debug|Any CPU
		{68E9A095-7A66-40AA-898F-3A3FE0593B3E}.Release|Any CPU.ActiveCfg = Release|Any CPU
		{68E9A095-7A66-40AA-898F-3A3FE0593B3E}.Release|Any CPU.Build.0 = Release|Any CPU
		{DEFE9339-4B47-4548-9F6D-B537352D8E75}.Debug|Any CPU.ActiveCfg = Debug|Any CPU
		{DEFE9339-4B47-4548-9F6D-B537352D8E75}.Debug|Any CPU.Build.0 = Debug|Any CPU
		{DEFE9339-4B47-4548-9F6D-B537352D8E75}.Release|Any CPU.ActiveCfg = Release|Any CPU
		{DEFE9339-4B47-4548-9F6D-B537352D8E75}.Release|Any CPU.Build.0 = Release|Any CPU
		{B1A70275-EC91-4891-95FA-ACD0AB18D3BF}.Debug|Any CPU.ActiveCfg = Debug|Any CPU
		{B1A70275-EC91-4891-95FA-ACD0AB18D3BF}.Debug|Any CPU.Build.0 = Debug|Any CPU
		{B1A70275-EC91-4891-95FA-ACD0AB18D3BF}.Release|Any CPU.ActiveCfg = Release|Any CPU
		{B1A70275-EC91-4891-95FA-ACD0AB18D3BF}.Release|Any CPU.Build.0 = Release|Any CPU
	EndGlobalSection
	GlobalSection(SolutionProperties) = preSolution
		HideSolutionNode = FALSE
	EndGlobalSection
	GlobalSection(NestedProjects) = preSolution
		{4576A7E4-4C14-44E4-A1EB-655EB1AA072A} = {8D7061E4-DBA2-4838-B3EF-2D53BDA43C6E}
		{68E9A095-7A66-40AA-898F-3A3FE0593B3E} = {8D7061E4-DBA2-4838-B3EF-2D53BDA43C6E}
		{DEFE9339-4B47-4548-9F6D-B537352D8E75} = {8D7061E4-DBA2-4838-B3EF-2D53BDA43C6E}
		{B1A70275-EC91-4891-95FA-ACD0AB18D3BF} = {8D7061E4-DBA2-4838-B3EF-2D53BDA43C6E}
	EndGlobalSection
	GlobalSection(ExtensibilityGlobals) = postSolution
		SolutionGuid = {8DB60A2C-6B96-4D7E-92A5-56ED2738090F}
	EndGlobalSection
EndGlobal
